# THIS IS AN AUTOGENERATED FILE. DO NOT EDIT THIS FILE DIRECTLY.
# yarn lockfile v1


"@types/node@^20.11.17":
  version "20.11.17"
  resolved "http://artifactory.primestreet.io/artifactory/api/npm/primestreet-npm/@types/node/-/node-20.11.17.tgz#cdd642d0e62ef3a861f88ddbc2b61e32578a9292"
  integrity sha1-zdZC0OYu86hh+I3bwrYeMleKkpI=
  dependencies:
    undici-types "~5.26.4"

asynckit@^0.4.0:
  version "0.4.0"
  resolved "http://artifactory.primestreet.io/artifactory/api/npm/primestreet-npm/asynckit/-/asynckit-0.4.0.tgz#c79ed97f7f34cb8f2ba1bc9790bcc366474b4b79"
  integrity sha1-x57Zf380y48robyXkLzDZkdLS3k=

axios@^1.6.7:
  version "1.6.7"
  resolved "http://artifactory.primestreet.io/artifactory/api/npm/primestreet-npm/axios/-/axios-1.6.7.tgz#7b48c2e27c96f9c68a2f8f31e2ab19f59b06b0a7"
  integrity sha1-e0jC4nyW+caKL48x4qsZ9ZsGsKc=
  dependencies:
    follow-redirects "^1.15.4"
    form-data "^4.0.0"
    proxy-from-env "^1.1.0"

boolbase@^1.0.0:
  version "1.0.0"
  resolved "http://artifactory.primestreet.io/artifactory/api/npm/primestreet-npm/boolbase/-/boolbase-1.0.0.tgz#68dff5fbe60c51eb37725ea9e3ed310dcc1e776e"
  integrity sha1-aN/1++YMUes3cl6p4+0xDcwed24=

cheerio-select@^2.1.0:
  version "2.1.0"
  resolved "http://artifactory.primestreet.io/artifactory/api/npm/primestreet-npm/cheerio-select/-/cheerio-select-2.1.0.tgz#4d8673286b8126ca2a8e42740d5e3c4884ae21b4"
  integrity sha1-TYZzKGuBJsoqjkJ0DV48SISuIbQ=
  dependencies:
    boolbase "^1.0.0"
    css-select "^5.1.0"
    css-what "^6.1.0"
    domelementtype "^2.3.0"
    domhandler "^5.0.3"
    domutils "^3.0.1"

cheerio@^1.0.0-rc.12:
  version "1.0.0-rc.12"
  resolved "http://artifactory.primestreet.io/artifactory/api/npm/primestreet-npm/cheerio/-/cheerio-1.0.0-rc.12.tgz#788bf7466506b1c6bf5fae51d24a2c4d62e47683"
  integrity sha1-eIv3RmUGsca/X65R0kosTWLkdoM=
  dependencies:
    cheerio-select "^2.1.0"
    dom-serializer "^2.0.0"
    domhandler "^5.0.3"
    domutils "^3.0.1"
    htmlparser2 "^8.0.1"
    parse5 "^7.0.0"
    parse5-htmlparser2-tree-adapter "^7.0.0"

combined-stream@^1.0.8:
  version "1.0.8"
  resolved "http://artifactory.primestreet.io/artifactory/api/npm/primestreet-npm/combined-stream/-/combined-stream-1.0.8.tgz#c3d45a8b34fd730631a110a8a2520682b31d5a7f"
  integrity sha1-w9RaizT9cwYxoRCoolIGgrMdWn8=
  dependencies:
    delayed-stream "~1.0.0"

css-select@^5.1.0:
  version "5.1.0"
  resolved "http://artifactory.primestreet.io/artifactory/api/npm/primestreet-npm/css-select/-/css-select-5.1.0.tgz#b8ebd6554c3637ccc76688804ad3f6a6fdaea8a6"
  integrity sha1-uOvWVUw2N8zHZoiAStP2pv2uqKY=
  dependencies:
    boolbase "^1.0.0"
    css-what "^6.1.0"
    domhandler "^5.0.2"
    domutils "^3.0.1"
    nth-check "^2.0.1"

css-what@^6.1.0:
  version "6.1.0"
  resolved "http://artifactory.primestreet.io/artifactory/api/npm/primestreet-npm/css-what/-/css-what-6.1.0.tgz#fb5effcf76f1ddea2c81bdfaa4de44e79bac70f4"
  integrity sha1-+17/z3bx3eosgb36pN5E55uscPQ=

delayed-stream@~1.0.0:
  version "1.0.0"
  resolved "http://artifactory.primestreet.io/artifactory/api/npm/primestreet-npm/delayed-stream/-/delayed-stream-1.0.0.tgz#df3ae199acadfb7d440aaae0b29e2272b24ec619"
  integrity sha1-3zrhmayt+31ECqrgsp4icrJOxhk=

dom-serializer@^2.0.0:
  version "2.0.0"
  resolved "http://artifactory.primestreet.io/artifactory/api/npm/primestreet-npm/dom-serializer/-/dom-serializer-2.0.0.tgz#e41b802e1eedf9f6cae183ce5e622d789d7d8e53"
  integrity sha1-5BuALh7t+fbK4YPOXmIteJ19jlM=
  dependencies:
    domelementtype "^2.3.0"
    domhandler "^5.0.2"
    entities "^4.2.0"

domelementtype@^2.3.0:
  version "2.3.0"
  resolved "http://artifactory.primestreet.io/artifactory/api/npm/primestreet-npm/domelementtype/-/domelementtype-2.3.0.tgz#5c45e8e869952626331d7aab326d01daf65d589d"
  integrity sha1-XEXo6GmVJiYzHXqrMm0B2vZdWJ0=

domhandler@^5.0.2, domhandler@^5.0.3:
  version "5.0.3"
  resolved "http://artifactory.primestreet.io/artifactory/api/npm/primestreet-npm/domhandler/-/domhandler-5.0.3.tgz#cc385f7f751f1d1fc650c21374804254538c7d31"
  integrity sha1-zDhff3UfHR/GUMITdIBCVFOMfTE=
  dependencies:
    domelementtype "^2.3.0"

domutils@^3.0.1:
  version "3.1.0"
  resolved "http://artifactory.primestreet.io/artifactory/api/npm/primestreet-npm/domutils/-/domutils-3.1.0.tgz#c47f551278d3dc4b0b1ab8cbb42d751a6f0d824e"
  integrity sha1-xH9VEnjT3EsLGrjLtC11Gm8Ngk4=
  dependencies:
    dom-serializer "^2.0.0"
    domelementtype "^2.3.0"
    domhandler "^5.0.3"

entities@^4.2.0, entities@^4.4.0:
  version "4.5.0"
  resolved "http://artifactory.primestreet.io/artifactory/api/npm/primestreet-npm/entities/-/entities-4.5.0.tgz#5d268ea5e7113ec74c4d033b79ea5a35a488fb48"
  integrity sha1-XSaOpecRPsdMTQM7eepaNaSI+0g=

follow-redirects@^1.15.4:
  version "1.15.5"
  resolved "http://artifactory.primestreet.io/artifactory/api/npm/primestreet-npm/follow-redirects/-/follow-redirects-1.15.5.tgz#54d4d6d062c0fa7d9d17feb008461550e3ba8020"
  integrity sha1-VNTW0GLA+n2dF/6wCEYVUOO6gCA=

form-data@^4.0.0:
  version "4.0.0"
  resolved "http://artifactory.primestreet.io/artifactory/api/npm/primestreet-npm/form-data/-/form-data-4.0.0.tgz#93919daeaf361ee529584b9b31664dc12c9fa452"
  integrity sha1-k5Gdrq82HuUpWEubMWZNwSyfpFI=
  dependencies:
    asynckit "^0.4.0"
    combined-stream "^1.0.8"
    mime-types "^2.1.12"

htmlparser2@^8.0.1:
  version "8.0.2"
  resolved "http://artifactory.primestreet.io/artifactory/api/npm/primestreet-npm/htmlparser2/-/htmlparser2-8.0.2.tgz#f002151705b383e62433b5cf466f5b716edaec21"
  integrity sha1-8AIVFwWzg+YkM7XPRm9bcW7a7CE=
  dependencies:
    domelementtype "^2.3.0"
    domhandler "^5.0.3"
    domutils "^3.0.1"
    entities "^4.4.0"

mime-db@1.52.0:
  version "1.52.0"
  resolved "http://artifactory.primestreet.io/artifactory/api/npm/primestreet-npm/mime-db/-/mime-db-1.52.0.tgz#bbabcdc02859f4987301c856e3387ce5ec43bf70"
  integrity sha1-u6vNwChZ9JhzAchW4zh85exDv3A=

mime-types@^2.1.12:
  version "2.1.35"
  resolved "http://artifactory.primestreet.io/artifactory/api/npm/primestreet-npm/mime-types/-/mime-types-2.1.35.tgz#381a871b62a734450660ae3deee44813f70d959a"
  integrity sha1-OBqHG2KnNEUGYK497uRIE/cNlZo=
  dependencies:
    mime-db "1.52.0"

nth-check@^2.0.1:
  version "2.1.1"
  resolved "http://artifactory.primestreet.io/artifactory/api/npm/primestreet-npm/nth-check/-/nth-check-2.1.1.tgz#c9eab428effce36cd6b92c924bdb000ef1f1ed1d"
  integrity sha1-yeq0KO/842zWuSySS9sADvHx7R0=
  dependencies:
    boolbase "^1.0.0"

parse5-htmlparser2-tree-adapter@^7.0.0:
  version "7.0.0"
  resolved "http://artifactory.primestreet.io/artifactory/api/npm/primestreet-npm/parse5-htmlparser2-tree-adapter/-/parse5-htmlparser2-tree-adapter-7.0.0.tgz#23c2cc233bcf09bb7beba8b8a69d46b08c62c2f1"
  integrity sha1-I8LMIzvPCbt766i4pp1GsIxiwvE=
  dependencies:
    domhandler "^5.0.2"
    parse5 "^7.0.0"

parse5@^7.0.0:
  version "7.1.2"
  resolved "http://artifactory.primestreet.io/artifactory/api/npm/primestreet-npm/parse5/-/parse5-7.1.2.tgz#0736bebbfd77793823240a23b7fc5e010b7f8e32"
  integrity sha1-Bza+u/13eTgjJAojt/xeAQt/jjI=
  dependencies:
    entities "^4.4.0"

proxy-from-env@^1.1.0:
  version "1.1.0"
  resolved "http://artifactory.primestreet.io/artifactory/api/npm/primestreet-npm/proxy-from-env/-/proxy-from-env-1.1.0.tgz#e102f16ca355424865755d2c9e8ea4f24d58c3e2"
  integrity sha1-4QLxbKNVQkhldV0sno6k8k1Yw+I=

typescript@^5.3.3:
  version "5.3.3"
  resolved "http://artifactory.primestreet.io/artifactory/api/npm/primestreet-npm/typescript/-/typescript-5.3.3.tgz#b3ce6ba258e72e6305ba66f5c9b452aaee3ffe37"
  integrity sha1-s85roljnLmMFumb1ybRSqu4//jc=

undici-types@~5.26.4:
  version "5.26.5"
  resolved "http://artifactory.primestreet.io/artifactory/api/npm/primestreet-npm/undici-types/-/undici-types-5.26.5.tgz#bcd539893d00b56e964fd2657a4866b221a65617"
  integrity sha1-vNU5iT0AtW6WT9JlekhmsiGmVhc=
